
Microsoft Visual Studio Solution File, Format Version 12.00
# Visual Studio Version 16
VisualStudioVersion = 16.0.30611.23
MinimumVisualStudioVersion = 10.0.40219.1
Project("{9A19103F-16F7-4668-BE54-9A1E7A4F7556}") = "GraphSPARQL", "GraphSPARQL.csproj", "{D9793349-B744-4DB3-AA0B-0BA7C2F621BC}"
EndProject
Global
	GlobalSection(SolutionConfigurationPlatforms) = preSolution
		Debug|Any CPU = Debug|Any CPU
		Release|Any CPU = Release|Any CPU
	EndGlobalSection
	GlobalSection(ProjectConfigurationPlatforms) = postSolution
		{D9793349-B744-4DB3-AA0B-0BA7C2F621BC}.Debug|Any CPU.ActiveCfg = Debug|Any CPU
		{D9793349-B744-4DB3-AA0B-0BA7C2F621BC}.Debug|Any CPU.Build.0 = Debug|Any CPU
		{D9793349-B744-4DB3-AA0B-0BA7C2F621BC}.Release|Any CPU.ActiveCfg = Release|Any CPU
		{D9793349-B744-4DB3-AA0B-0BA7C2F621BC}.Release|Any CPU.Build.0 = Release|Any CPU
	EndGlobalSection
	GlobalSection(SolutionProperties) = preSolution
		HideSolutionNode = FALSE
	EndGlobalSection
	GlobalSection(ExtensibilityGlobals) = postSolution
		SolutionGuid = {6DB4F1D0-A691-4A21-AAB7-DC603DE681CD}
	EndGlobalSection
EndGlobal
